{
  "originHash" : "c48ffd6900c959c1c60859aa36ae1cc0390d4e3c0e112a9c3d13926b946cc753",
  "pins" : [
    {
      "identity" : "imagekit-ios",
      "kind" : "remoteSourceControl",
      "location" : "https://github.com/imagekit-developer/imagekit-ios",
      "state" : {
        "revision" : "22c8b49ac2ef8b2feb88f08484e061f47cc25e3a",
        "version" : "3.1.0"
      }
    },
    {
      "identity" : "ios-maps-sdk",
      "kind" : "remoteSourceControl",
      "location" : "https://github.com/googlemaps/ios-maps-sdk",
      "state" : {
        "revision" : "dcfc4b6dda80bf7a748c34996af823be96511cc1",
        "version" : "10.7.0"
      }
    },
    {
      "identity" : "keychainaccess",
      "kind" : "remoteSourceControl",
      "location" : "https://github.com/kishikawakatsumi/KeychainAccess.git",
      "state" : {
        "revision" : "84e546727d66f1adc5439debad16270d0fdd04e7",
        "version" : "4.2.2"
      }
    },
    {
      "identity" : "kingfisher",
      "kind" : "remoteSourceControl",
      "location" : "https://github.com/onevcat/Kingfisher.git",
      "state" : {
        "revision" : "d30a5fad881137e2267f96a8e3fc35c58999bb94",
        "version" : "8.6.2"
      }
    }
  ],
  "version" : 3
}
