// !$*UTF8*$!
{
	archiveVersion = 1;
	classes = {
	};
	objectVersion = 77;
	objects = {

/* Begin PBXBuildFile section */
		676F6BDB2F19744700CEBBE4 /* KeychainAccess in Frameworks */ = {isa = PBXBuildFile; productRef = 676F6BDA2F19744700CEBBE4 /* KeychainAccess */; };
		676F6BDE2F19748D00CEBBE4 /* GoogleMaps in Frameworks */ = {isa = PBXBuildFile; productRef = 676F6BDD2F19748D00CEBBE4 /* GoogleMaps */; };
		676F6BE12F1974D100CEBBE4 /* Kingfisher in Frameworks */ = {isa = PBXBuildFile; productRef = 676F6BE02F1974D100CEBBE4 /* Kingfisher */; };
		677061662F1AB10C00E97608 /* ImageKitIO in Frameworks */ = {isa = PBXBuildFile; productRef = 677061652F1AB10C00E97608 /* ImageKitIO */; };
		677061772F1B0BE500E97608 /* GoogleMapsUtils in Frameworks */ = {isa = PBXBuildFile; productRef = 677061762F1B0BE500E97608 /* GoogleMapsUtils */; };
/* End PBXBuildFile section */

/* Begin PBXContainerItemProxy section */
		676F6B962F196B7700CEBBE4 /* PBXContainerItemProxy */ = {
			isa = PBXContainerItemProxy;
			containerPortal = 676F6B802F196B7600CEBBE4 /* Project object */;
			proxyType = 1;
			remoteGlobalIDString = 676F6B872F196B7600CEBBE4;
			remoteInfo = fotolokashen;
		};
		676F6BA02F196B7700CEBBE4 /* PBXContainerItemProxy */ = {
			isa = PBXContainerItemProxy;
			containerPortal = 676F6B802F196B7600CEBBE4 /* Project object */;
			proxyType = 1;
			remoteGlobalIDString = 676F6B872F196B7600CEBBE4;
			remoteInfo = fotolokashen;
		};
/* End PBXContainerItemProxy section */

/* Begin PBXFileReference section */
		676F6B882F196B7600CEBBE4 /* fotolokashen.app */ = {isa = PBXFileReference; explicitFileType = wrapper.application; includeInIndex = 0; path = fotolokashen.app; sourceTree = BUILT_PRODUCTS_DIR; };
		676F6B952F196B7700CEBBE4 /* fotolokashenTests.xctest */ = {isa = PBXFileReference; explicitFileType = wrapper.cfbundle; includeInIndex = 0; path = fotolokashenTests.xctest; sourceTree = BUILT_PRODUCTS_DIR; };
		676F6B9F2F196B7700CEBBE4 /* fotolokashenUITests.xctest */ = {isa = PBXFileReference; explicitFileType = wrapper.cfbundle; includeInIndex = 0; path = fotolokashenUITests.xctest; sourceTree = BUILT_PRODUCTS_DIR; };
/* End PBXFileReference section */

/* Begin PBXFileSystemSynchronizedBuildFileExceptionSet section */
		676F6BD82F19712B00CEBBE4 /* Exceptions for "fotolokashen" folder in "fotolokashen" target */ = {
			isa = PBXFileSystemSynchronizedBuildFileExceptionSet;
			membershipExceptions = (
				Info.plist,
				"swift-utilities/README.md",
			);
			target = 676F6B872F196B7600CEBBE4 /* fotolokashen */;
		};
/* End PBXFileSystemSynchronizedBuildFileExceptionSet section */

/* Begin PBXFileSystemSynchronizedRootGroup section */
		676F6B8A2F196B7600CEBBE4 /* fotolokashen */ = {
			isa = PBXFileSystemSynchronizedRootGroup;
			exceptions = (
				676F6BD82F19712B00CEBBE4 /* Exceptions for "fotolokashen" folder in "fotolokashen" target */,
			);
			path = fotolokashen;
			sourceTree = "<group>";
		};
		676F6B982F196B7700CEBBE4 /* fotolokashenTests */ = {
			isa = PBXFileSystemSynchronizedRootGroup;
			path = fotolokashenTests;
			sourceTree = "<group>";
		};
		676F6BA22F196B7700CEBBE4 /* fotolokashenUITests */ = {
			isa = PBXFileSystemSynchronizedRootGroup;
			path = fotolokashenUITests;
			sourceTree = "<group>";
		};
/* End PBXFileSystemSynchronizedRootGroup section */

/* Begin PBXFrameworksBuildPhase section */
		676F6B852F196B7600CEBBE4 /* Frameworks */ = {
			isa = PBXFrameworksBuildPhase;
			buildActionMask = 2147483647;
			files = (
				676F6BE12F1974D100CEBBE4 /* Kingfisher in Frameworks */,
				677061662F1AB10C00E97608 /* ImageKitIO in Frameworks */,
				676F6BDE2F19748D00CEBBE4 /* GoogleMaps in Frameworks */,
				676F6BDB2F19744700CEBBE4 /* KeychainAccess in Frameworks */,
				677061772F1B0BE500E97608 /* GoogleMapsUtils in Frameworks */,
			);
			runOnlyForDeploymentPostprocessing = 0;
		};
		676F6B922F196B7700CEBBE4 /* Frameworks */ = {
			isa = PBXFrameworksBuildPhase;
			buildActionMask = 2147483647;
			files = (
			);
			runOnlyForDeploymentPostprocessing = 0;
		};
		676F6B9C2F196B7700CEBBE4 /* Frameworks */ = {
			isa = PBXFrameworksBuildPhase;
			buildActionMask = 2147483647;
			files = (
			);
			runOnlyForDeploymentPostprocessing = 0;
		};
/* End PBXFrameworksBuildPhase section */

/* Begin PBXGroup section */
		676F6B7F2F196B7600CEBBE4 = {
			isa = PBXGroup;
			children = (
				676F6B8A2F196B7600CEBBE4 /* fotolokashen */,
				676F6B982F196B7700CEBBE4 /* fotolokashenTests */,
				676F6BA22F196B7700CEBBE4 /* fotolokashenUITests */,
				676F6B892F196B7600CEBBE4 /* Products */,
			);
			sourceTree = "<group>";
		};
		676F6B892F196B7600CEBBE4 /* Products */ = {
			isa = PBXGroup;
			children = (
				676F6B882F196B7600CEBBE4 /* fotolokashen.app */,
				676F6B952F196B7700CEBBE4 /* fotolokashenTests.xctest */,
				676F6B9F2F196B7700CEBBE4 /* fotolokashenUITests.xctest */,
			);
			name = Products;
			sourceTree = "<group>";
		};
/* End PBXGroup section */

/* Begin PBXNativeTarget section */
		676F6B872F196B7600CEBBE4 /* fotolokashen */ = {
			isa = PBXNativeTarget;
			buildConfigurationList = 676F6BA92F196B7700CEBBE4 /* Build configuration list for PBXNativeTarget "fotolokashen" */;
			buildPhases = (
				6770617A2F1B2C8D00E97608 /* SwiftLint */,
				676F6B842F196B7600CEBBE4 /* Sources */,
				676F6B852F196B7600CEBBE4 /* Frameworks */,
				676F6B862F196B7600CEBBE4 /* Resources */,
			);
			buildRules = (
			);
			dependencies = (
			);
			fileSystemSynchronizedGroups = (
				676F6B8A2F196B7600CEBBE4 /* fotolokashen */,
			);
			name = fotolokashen;
			packageProductDependencies = (
				676F6BDA2F19744700CEBBE4 /* KeychainAccess */,
				676F6BDD2F19748D00CEBBE4 /* GoogleMaps */,
				676F6BE02F1974D100CEBBE4 /* Kingfisher */,
				677061652F1AB10C00E97608 /* ImageKitIO */,
				677061762F1B0BE500E97608 /* GoogleMapsUtils */,
			);
			productName = fotolokashen;
			productReference = 676F6B882F196B7600CEBBE4 /* fotolokashen.app */;
			productType = "com.apple.product-type.application";
		};
		676F6B942F196B7700CEBBE4 /* fotolokashenTests */ = {
			isa = PBXNativeTarget;
			buildConfigurationList = 676F6BAC2F196B7700CEBBE4 /* Build configuration list for PBXNativeTarget "fotolokashenTests" */;
			buildPhases = (
				676F6B912F196B7700CEBBE4 /* Sources */,
				676F6B922F196B7700CEBBE4 /* Frameworks */,
				676F6B932F196B7700CEBBE4 /* Resources */,
			);
			buildRules = (
			);
			dependencies = (
				676F6B972F196B7700CEBBE4 /* PBXTargetDependency */,
			);
			fileSystemSynchronizedGroups = (
				676F6B982F196B7700CEBBE4 /* fotolokashenTests */,
			);
			name = fotolokashenTests;
			packageProductDependencies = (
			);
			productName = fotolokashenTests;
			productReference = 676F6B952F196B7700CEBBE4 /* fotolokashenTests.xctest */;
			productType = "com.apple.product-type.bundle.unit-test";
		};
		676F6B9E2F196B7700CEBBE4 /* fotolokashenUITests */ = {
			isa = PBXNativeTarget;
			buildConfigurationList = 676F6BAF2F196B7700CEBBE4 /* Build configuration list for PBXNativeTarget "fotolokashenUITests" */;
			buildPhases = (
				676F6B9B2F196B7700CEBBE4 /* Sources */,
				676F6B9C2F196B7700CEBBE4 /* Frameworks */,
				676F6B9D2F196B7700CEBBE4 /* Resources */,
			);
			buildRules = (
			);
			dependencies = (
				676F6BA12F196B7700CEBBE4 /* PBXTargetDependency */,
			);
			fileSystemSynchronizedGroups = (
				676F6BA22F196B7700CEBBE4 /* fotolokashenUITests */,
			);
			name = fotolokashenUITests;
			packageProductDependencies = (
			);
			productName = fotolokashenUITests;
			productReference = 676F6B9F2F196B7700CEBBE4 /* fotolokashenUITests.xctest */;
			productType = "com.apple.product-type.bundle.ui-testing";
		};
/* End PBXNativeTarget section */

/* Begin PBXProject section */
		676F6B802F196B7600CEBBE4 /* Project object */ = {
			isa = PBXProject;
			attributes = {
				BuildIndependentTargetsInParallel = 1;
				LastSwiftUpdateCheck = 2620;
				LastUpgradeCheck = 2620;
				TargetAttributes = {
					676F6B872F196B7600CEBBE4 = {
						CreatedOnToolsVersion = 26.2;
					};
					676F6B942F196B7700CEBBE4 = {
						CreatedOnToolsVersion = 26.2;
						TestTargetID = 676F6B872F196B7600CEBBE4;
					};
					676F6B9E2F196B7700CEBBE4 = {
						CreatedOnToolsVersion = 26.2;
						TestTargetID = 676F6B872F196B7600CEBBE4;
					};
				};
			};
			buildConfigurationList = 676F6B832F196B7600CEBBE4 /* Build configuration list for PBXProject "Fotolokashen" */;
			developmentRegion = en;
			hasScannedForEncodings = 0;
			knownRegions = (
				en,
				Base,
			);
			mainGroup = 676F6B7F2F196B7600CEBBE4;
			minimizedProjectReferenceProxies = 1;
			packageReferences = (
				676F6BD92F19744700CEBBE4 /* XCRemoteSwiftPackageReference "KeychainAccess" */,
				676F6BDC2F19748D00CEBBE4 /* XCRemoteSwiftPackageReference "ios-maps-sdk" */,
				676F6BDF2F1974D100CEBBE4 /* XCRemoteSwiftPackageReference "Kingfisher" */,
				677061642F1AB10C00E97608 /* XCRemoteSwiftPackageReference "imagekit-ios" */,
				677061752F1B0BE500E97608 /* XCRemoteSwiftPackageReference "google-maps-ios-utils" */,
			);
			preferredProjectObjectVersion = 77;
			productRefGroup = 676F6B892F196B7600CEBBE4 /* Products */;
			projectDirPath = "";
			projectRoot = "";
			targets = (
				676F6B872F196B7600CEBBE4 /* fotolokashen */,
				676F6B942F196B7700CEBBE4 /* fotolokashenTests */,
				676F6B9E2F196B7700CEBBE4 /* fotolokashenUITests */,
			);
		};
/* End PBXProject section */

/* Begin PBXResourcesBuildPhase section */
		676F6B862F196B7600CEBBE4 /* Resources */ = {
			isa = PBXResourcesBuildPhase;
			buildActionMask = 2147483647;
			files = (
			);
			runOnlyForDeploymentPostprocessing = 0;
		};
		676F6B932F196B7700CEBBE4 /* Resources */ = {
			isa = PBXResourcesBuildPhase;
			buildActionMask = 2147483647;
			files = (
			);
			runOnlyForDeploymentPostprocessing = 0;
		};
		676F6B9D2F196B7700CEBBE4 /* Resources */ = {
			isa = PBXResourcesBuildPhase;
			buildActionMask = 2147483647;
			files = (
			);
			runOnlyForDeploymentPostprocessing = 0;
		};
/* End PBXResourcesBuildPhase section */

/* Begin PBXShellScriptBuildPhase section */
		6770617A2F1B2C8D00E97608 /* SwiftLint */ = {
			isa = PBXShellScriptBuildPhase;
			buildActionMask = 2147483647;
			files = (
			);
			inputFileListPaths = (
			);
			inputPaths = (
			);
			name = SwiftLint;
			outputFileListPaths = (
			);
			outputPaths = (
			);
			runOnlyForDeploymentPostprocessing = 0;
			shellPath = /bin/sh;
			shellScript = "if which swiftlint >/dev/null; then\n  swiftlint\nelse\n  echo \"warning: SwiftLint not installed, download from https://github.com/realm/SwiftLint\"\nfi\n";
		};
/* End PBXShellScriptBuildPhase section */

/* Begin PBXSourcesBuildPhase section */
		676F6B842F196B7600CEBBE4 /* Sources */ = {
			isa = PBXSourcesBuildPhase;
			buildActionMask = 2147483647;
			files = (
			);
			runOnlyForDeploymentPostprocessing = 0;
		};
		676F6B912F196B7700CEBBE4 /* Sources */ = {
			isa = PBXSourcesBuildPhase;
			buildActionMask = 2147483647;
			files = (
			);
			runOnlyForDeploymentPostprocessing = 0;
		};
		676F6B9B2F196B7700CEBBE4 /* Sources */ = {
			isa = PBXSourcesBuildPhase;
			buildActionMask = 2147483647;
			files = (
			);
			runOnlyForDeploymentPostprocessing = 0;
		};
/* End PBXSourcesBuildPhase section */

/* Begin PBXTargetDependency section */
		676F6B972F196B7700CEBBE4 /* PBXTargetDependency */ = {
			isa = PBXTargetDependency;
			target = 676F6B872F196B7600CEBBE4 /* fotolokashen */;
			targetProxy = 676F6B962F196B7700CEBBE4 /* PBXContainerItemProxy */;
		};
		676F6BA12F196B7700CEBBE4 /* PBXTargetDependency */ = {
			isa = PBXTargetDependency;
			target = 676F6B872F196B7600CEBBE4 /* fotolokashen */;
			targetProxy = 676F6BA02F196B7700CEBBE4 /* PBXContainerItemProxy */;
		};
/* End PBXTargetDependency section */

/* Begin XCBuildConfiguration section */
		676F6BA72F196B7700CEBBE4 /* Debug */ = {
			isa = XCBuildConfiguration;
			buildSettings = {
				ALWAYS_SEARCH_USER_PATHS = NO;
				ASSETCATALOG_COMPILER_GENERATE_SWIFT_ASSET_SYMBOL_EXTENSIONS = YES;
				CLANG_ANALYZER_NONNULL = YES;
				CLANG_ANALYZER_NUMBER_OBJECT_CONVERSION = YES_AGGRESSIVE;
				CLANG_CXX_LANGUAGE_STANDARD = "gnu++20";
				CLANG_ENABLE_MODULES = YES;
				CLANG_ENABLE_OBJC_ARC = YES;
				CLANG_ENABLE_OBJC_WEAK = YES;
				CLANG_WARN_BLOCK_CAPTURE_AUTORELEASING = YES;
				CLANG_WARN_BOOL_CONVERSION = YES;
				CLANG_WARN_COMMA = YES;
				CLANG_WARN_CONSTANT_CONVERSION = YES;
				CLANG_WARN_DEPRECATED_OBJC_IMPLEMENTATIONS = YES;
				CLANG_WARN_DIRECT_OBJC_ISA_USAGE = YES_ERROR;
				CLANG_WARN_DOCUMENTATION_COMMENTS = YES;
				CLANG_WARN_EMPTY_BODY = YES;
				CLANG_WARN_ENUM_CONVERSION = YES;
				CLANG_WARN_INFINITE_RECURSION = YES;
				CLANG_WARN_INT_CONVERSION = YES;
				CLANG_WARN_NON_LITERAL_NULL_CONVERSION = YES;
				CLANG_WARN_OBJC_IMPLICIT_RETAIN_SELF = YES;
				CLANG_WARN_OBJC_LITERAL_CONVERSION = YES;
				CLANG_WARN_OBJC_ROOT_CLASS = YES_ERROR;
				CLANG_WARN_QUOTED_INCLUDE_IN_FRAMEWORK_HEADER = YES;
				CLANG_WARN_RANGE_LOOP_ANALYSIS = YES;
				CLANG_WARN_STRICT_PROTOTYPES = YES;
				CLANG_WARN_SUSPICIOUS_MOVE = YES;
				CLANG_WARN_UNGUARDED_AVAILABILITY = YES_AGGRESSIVE;
				CLANG_WARN_UNREACHABLE_CODE = YES;
				CLANG_WARN__DUPLICATE_METHOD_MATCH = YES;
				COPY_PHASE_STRIP = NO;
				DEBUG_INFORMATION_FORMAT = dwarf;
				DEVELOPMENT_TEAM = LW5P4PVL96;
				ENABLE_STRICT_OBJC_MSGSEND = YES;
				ENABLE_TESTABILITY = YES;
				ENABLE_USER_SCRIPT_SANDBOXING = YES;
				GCC_C_LANGUAGE_STANDARD = gnu17;
				GCC_DYNAMIC_NO_PIC = NO;
				GCC_NO_COMMON_BLOCKS = YES;
				GCC_OPTIMIZATION_LEVEL = 0;
				GCC_PREPROCESSOR_DEFINITIONS = (
					"DEBUG=1",
					"$(inherited)",
				);
				GCC_WARN_64_TO_32_BIT_CONVERSION = YES;
				GCC_WARN_ABOUT_RETURN_TYPE = YES_ERROR;
				GCC_WARN_UNDECLARED_SELECTOR = YES;
				GCC_WARN_UNINITIALIZED_AUTOS = YES_AGGRESSIVE;
				GCC_WARN_UNUSED_FUNCTION = YES;
				GCC_WARN_UNUSED_VARIABLE = YES;
				IPHONEOS_DEPLOYMENT_TARGET = 16.0;
				LOCALIZATION_PREFERS_STRING_CATALOGS = YES;
				MTL_ENABLE_DEBUG_INFO = INCLUDE_SOURCE;
				MTL_FAST_MATH = YES;
				ONLY_ACTIVE_ARCH = YES;
				SDKROOT = iphoneos;
				SWIFT_ACTIVE_COMPILATION_CONDITIONS = "DEBUG $(inherited)";
				SWIFT_OPTIMIZATION_LEVEL = "-Onone";
			};
			name = Debug;
		};
		676F6BA82F196B7700CEBBE4 /* Release */ = {
			isa = XCBuildConfiguration;
			buildSettings = {
				ALWAYS_SEARCH_USER_PATHS = NO;
				ASSETCATALOG_COMPILER_GENERATE_SWIFT_ASSET_SYMBOL_EXTENSIONS = YES;
				CLANG_ANALYZER_NONNULL = YES;
				CLANG_ANALYZER_NUMBER_OBJECT_CONVERSION = YES_AGGRESSIVE;
				CLANG_CXX_LANGUAGE_STANDARD = "gnu++20";
				CLANG_ENABLE_MODULES = YES;
				CLANG_ENABLE_OBJC_ARC = YES;
				CLANG_ENABLE_OBJC_WEAK = YES;
				CLANG_WARN_BLOCK_CAPTURE_AUTORELEASING = YES;
				CLANG_WARN_BOOL_CONVERSION = YES;
				CLANG_WARN_COMMA = YES;
				CLANG_WARN_CONSTANT_CONVERSION = YES;
				CLANG_WARN_DEPRECATED_OBJC_IMPLEMENTATIONS = YES;
				CLANG_WARN_DIRECT_OBJC_ISA_USAGE = YES_ERROR;
				CLANG_WARN_DOCUMENTATION_COMMENTS = YES;
				CLANG_WARN_EMPTY_BODY = YES;
				CLANG_WARN_ENUM_CONVERSION = YES;
				CLANG_WARN_INFINITE_RECURSION = YES;
				CLANG_WARN_INT_CONVERSION = YES;
				CLANG_WARN_NON_LITERAL_NULL_CONVERSION = YES;
				CLANG_WARN_OBJC_IMPLICIT_RETAIN_SELF = YES;
				CLANG_WARN_OBJC_LITERAL_CONVERSION = YES;
				CLANG_WARN_OBJC_ROOT_CLASS = YES_ERROR;
				CLANG_WARN_QUOTED_INCLUDE_IN_FRAMEWORK_HEADER = YES;
				CLANG_WARN_RANGE_LOOP_ANALYSIS = YES;
				CLANG_WARN_STRICT_PROTOTYPES = YES;
				CLANG_WARN_SUSPICIOUS_MOVE = YES;
				CLANG_WARN_UNGUARDED_AVAILABILITY = YES_AGGRESSIVE;
				CLANG_WARN_UNREACHABLE_CODE = YES;
				CLANG_WARN__DUPLICATE_METHOD_MATCH = YES;
				COPY_PHASE_STRIP = NO;
				DEBUG_INFORMATION_FORMAT = "dwarf-with-dsym";
				DEVELOPMENT_TEAM = LW5P4PVL96;
				ENABLE_NS_ASSERTIONS = NO;
				ENABLE_STRICT_OBJC_MSGSEND = YES;
				ENABLE_USER_SCRIPT_SANDBOXING = YES;
				GCC_C_LANGUAGE_STANDARD = gnu17;
				GCC_NO_COMMON_BLOCKS = YES;
				GCC_WARN_64_TO_32_BIT_CONVERSION = YES;
				GCC_WARN_ABOUT_RETURN_TYPE = YES_ERROR;
				GCC_WARN_UNDECLARED_SELECTOR = YES;
				GCC_WARN_UNINITIALIZED_AUTOS = YES_AGGRESSIVE;
				GCC_WARN_UNUSED_FUNCTION = YES;
				GCC_WARN_UNUSED_VARIABLE = YES;
				IPHONEOS_DEPLOYMENT_TARGET = 16.0;
				LOCALIZATION_PREFERS_STRING_CATALOGS = YES;
				MTL_ENABLE_DEBUG_INFO = NO;
				MTL_FAST_MATH = YES;
				SDKROOT = iphoneos;
				SWIFT_COMPILATION_MODE = wholemodule;
				VALIDATE_PRODUCT = YES;
			};
			name = Release;
		};
		676F6BAA2F196B7700CEBBE4 /* Debug */ = {
			isa = XCBuildConfiguration;
			buildSettings = {
				ASSETCATALOG_COMPILER_APPICON_NAME = AppIcon;
				ASSETCATALOG_COMPILER_GLOBAL_ACCENT_COLOR_NAME = AccentColor;
				CODE_SIGN_STYLE = Automatic;
				CURRENT_PROJECT_VERSION = 1;
				DEVELOPMENT_TEAM = LW5P4PVL96;
				ENABLE_PREVIEWS = YES;
				GENERATE_INFOPLIST_FILE = YES;
				INFOPLIST_FILE = fotolokashen/Info.plist;
				INFOPLIST_KEY_NSCameraUsageDescription = "fotolokashen needs camera access to capture photos of locations.";
				INFOPLIST_KEY_NSLocationWhenInUseUsageDescription = "fotolokashen needs your location to tag photos with GPS coordinates.";
				INFOPLIST_KEY_NSPhotoLibraryAddUsageDescription = "fotolokashen needs permission to save photos to your library.";
				INFOPLIST_KEY_NSPhotoLibraryUsageDescription = "fotolokashen needs photo library access to save and upload photos.";
				INFOPLIST_KEY_UIApplicationSceneManifest_Generation = YES;
				INFOPLIST_KEY_UIApplicationSupportsIndirectInputEvents = YES;
				INFOPLIST_KEY_UILaunchScreen_Generation = YES;
				INFOPLIST_KEY_UISupportedInterfaceOrientations_iPad = "UIInterfaceOrientationPortrait UIInterfaceOrientationPortraitUpsideDown UIInterfaceOrientationLandscapeLeft UIInterfaceOrientationLandscapeRight";
				INFOPLIST_KEY_UISupportedInterfaceOrientations_iPhone = "UIInterfaceOrientationPortrait UIInterfaceOrientationLandscapeLeft UIInterfaceOrientationLandscapeRight";
				LD_RUNPATH_SEARCH_PATHS = (
					"$(inherited)",
					"@executable_path/Frameworks",
				);
				MARKETING_VERSION = 1.0;
				PRODUCT_BUNDLE_IDENTIFIER = com.rodczaro.fotolokashen;
				PRODUCT_NAME = "$(TARGET_NAME)";
				STRING_CATALOG_GENERATE_SYMBOLS = YES;
				SWIFT_APPROACHABLE_CONCURRENCY = YES;
				SWIFT_DEFAULT_ACTOR_ISOLATION = MainActor;
				SWIFT_EMIT_LOC_STRINGS = YES;
				SWIFT_UPCOMING_FEATURE_MEMBER_IMPORT_VISIBILITY = YES;
				SWIFT_VERSION = 5.0;
				TARGETED_DEVICE_FAMILY = "1,2";
			};
			name = Debug;
		};
		676F6BAB2F196B7700CEBBE4 /* Release */ = {
			isa = XCBuildConfiguration;
			buildSettings = {
				ASSETCATALOG_COMPILER_APPICON_NAME = AppIcon;
				ASSETCATALOG_COMPILER_GLOBAL_ACCENT_COLOR_NAME = AccentColor;
				CODE_SIGN_STYLE = Automatic;
				CURRENT_PROJECT_VERSION = 1;
				DEVELOPMENT_TEAM = LW5P4PVL96;
				ENABLE_PREVIEWS = YES;
				GENERATE_INFOPLIST_FILE = YES;
				INFOPLIST_FILE = fotolokashen/Info.plist;
				INFOPLIST_KEY_NSCameraUsageDescription = "fotolokashen needs camera access to capture photos of locations.";
				INFOPLIST_KEY_NSLocationWhenInUseUsageDescription = "fotolokashen needs your location to tag photos with GPS coordinates.";
				INFOPLIST_KEY_NSPhotoLibraryAddUsageDescription = "fotolokashen needs permission to save photos to your library.";
				INFOPLIST_KEY_NSPhotoLibraryUsageDescription = "fotolokashen needs photo library access to save and upload photos.";
				INFOPLIST_KEY_UIApplicationSceneManifest_Generation = YES;
				INFOPLIST_KEY_UIApplicationSupportsIndirectInputEvents = YES;
				INFOPLIST_KEY_UILaunchScreen_Generation = YES;
				INFOPLIST_KEY_UISupportedInterfaceOrientations_iPad = "UIInterfaceOrientationPortrait UIInterfaceOrientationPortraitUpsideDown UIInterfaceOrientationLandscapeLeft UIInterfaceOrientationLandscapeRight";
				INFOPLIST_KEY_UISupportedInterfaceOrientations_iPhone = "UIInterfaceOrientationPortrait UIInterfaceOrientationLandscapeLeft UIInterfaceOrientationLandscapeRight";
				LD_RUNPATH_SEARCH_PATHS = (
					"$(inherited)",
					"@executable_path/Frameworks",
				);
				MARKETING_VERSION = 1.0;
				PRODUCT_BUNDLE_IDENTIFIER = com.rodczaro.fotolokashen;
				PRODUCT_NAME = "$(TARGET_NAME)";
				STRING_CATALOG_GENERATE_SYMBOLS = YES;
				SWIFT_APPROACHABLE_CONCURRENCY = YES;
				SWIFT_DEFAULT_ACTOR_ISOLATION = MainActor;
				SWIFT_EMIT_LOC_STRINGS = YES;
				SWIFT_UPCOMING_FEATURE_MEMBER_IMPORT_VISIBILITY = YES;
				SWIFT_VERSION = 5.0;
				TARGETED_DEVICE_FAMILY = "1,2";
			};
			name = Release;
		};
		676F6BAD2F196B7700CEBBE4 /* Debug */ = {
			isa = XCBuildConfiguration;
			buildSettings = {
				BUNDLE_LOADER = "$(TEST_HOST)";
				CODE_SIGN_STYLE = Automatic;
				CURRENT_PROJECT_VERSION = 1;
				DEVELOPMENT_TEAM = LW5P4PVL96;
				GENERATE_INFOPLIST_FILE = YES;
				IPHONEOS_DEPLOYMENT_TARGET = 16.0;
				MARKETING_VERSION = 1.0;
				PRODUCT_BUNDLE_IDENTIFIER = com.rodczaro.fotolokashenTests;
				PRODUCT_NAME = "$(TARGET_NAME)";
				STRING_CATALOG_GENERATE_SYMBOLS = NO;
				SWIFT_APPROACHABLE_CONCURRENCY = YES;
				SWIFT_EMIT_LOC_STRINGS = NO;
				SWIFT_UPCOMING_FEATURE_MEMBER_IMPORT_VISIBILITY = YES;
				SWIFT_VERSION = 5.0;
				TARGETED_DEVICE_FAMILY = "1,2";
				TEST_HOST = "$(BUILT_PRODUCTS_DIR)/fotolokashen.app/$(BUNDLE_EXECUTABLE_FOLDER_PATH)/fotolokashen";
			};
			name = Debug;
		};
		676F6BAE2F196B7700CEBBE4 /* Release */ = {
			isa = XCBuildConfiguration;
			buildSettings = {
				BUNDLE_LOADER = "$(TEST_HOST)";
				CODE_SIGN_STYLE = Automatic;
				CURRENT_PROJECT_VERSION = 1;
				DEVELOPMENT_TEAM = LW5P4PVL96;
				GENERATE_INFOPLIST_FILE = YES;
				IPHONEOS_DEPLOYMENT_TARGET = 16.0;
				MARKETING_VERSION = 1.0;
				PRODUCT_BUNDLE_IDENTIFIER = com.rodczaro.fotolokashenTests;
				PRODUCT_NAME = "$(TARGET_NAME)";
				STRING_CATALOG_GENERATE_SYMBOLS = NO;
				SWIFT_APPROACHABLE_CONCURRENCY = YES;
				SWIFT_EMIT_LOC_STRINGS = NO;
				SWIFT_UPCOMING_FEATURE_MEMBER_IMPORT_VISIBILITY = YES;
				SWIFT_VERSION = 5.0;
				TARGETED_DEVICE_FAMILY = "1,2";
				TEST_HOST = "$(BUILT_PRODUCTS_DIR)/fotolokashen.app/$(BUNDLE_EXECUTABLE_FOLDER_PATH)/fotolokashen";
			};
			name = Release;
		};
		676F6BB02F196B7700CEBBE4 /* Debug */ = {
			isa = XCBuildConfiguration;
			buildSettings = {
				CODE_SIGN_STYLE = Automatic;
				CURRENT_PROJECT_VERSION = 1;
				DEVELOPMENT_TEAM = LW5P4PVL96;
				GENERATE_INFOPLIST_FILE = YES;
				MARKETING_VERSION = 1.0;
				PRODUCT_BUNDLE_IDENTIFIER = com.rodczaro.fotolokashenUITests;
				PRODUCT_NAME = "$(TARGET_NAME)";
				STRING_CATALOG_GENERATE_SYMBOLS = NO;
				SWIFT_APPROACHABLE_CONCURRENCY = YES;
				SWIFT_EMIT_LOC_STRINGS = NO;
				SWIFT_UPCOMING_FEATURE_MEMBER_IMPORT_VISIBILITY = YES;
				SWIFT_VERSION = 5.0;
				TARGETED_DEVICE_FAMILY = "1,2";
				TEST_TARGET_NAME = fotolokashen;
			};
			name = Debug;
		};
		676F6BB12F196B7700CEBBE4 /* Release */ = {
			isa = XCBuildConfiguration;
			buildSettings = {
				CODE_SIGN_STYLE = Automatic;
				CURRENT_PROJECT_VERSION = 1;
				DEVELOPMENT_TEAM = LW5P4PVL96;
				GENERATE_INFOPLIST_FILE = YES;
				MARKETING_VERSION = 1.0;
				PRODUCT_BUNDLE_IDENTIFIER = com.rodczaro.fotolokashenUITests;
				PRODUCT_NAME = "$(TARGET_NAME)";
				STRING_CATALOG_GENERATE_SYMBOLS = NO;
				SWIFT_APPROACHABLE_CONCURRENCY = YES;
				SWIFT_EMIT_LOC_STRINGS = NO;
				SWIFT_UPCOMING_FEATURE_MEMBER_IMPORT_VISIBILITY = YES;
				SWIFT_VERSION = 5.0;
				TARGETED_DEVICE_FAMILY = "1,2";
				TEST_TARGET_NAME = fotolokashen;
			};
			name = Release;
		};
/* End XCBuildConfiguration section */

/* Begin XCConfigurationList section */
		676F6B832F196B7600CEBBE4 /* Build configuration list for PBXProject "Fotolokashen" */ = {
			isa = XCConfigurationList;
			buildConfigurations = (
				676F6BA72F196B7700CEBBE4 /* Debug */,
				676F6BA82F196B7700CEBBE4 /* Release */,
			);
			defaultConfigurationIsVisible = 0;
			defaultConfigurationName = Release;
		};
		676F6BA92F196B7700CEBBE4 /* Build configuration list for PBXNativeTarget "fotolokashen" */ = {
			isa = XCConfigurationList;
			buildConfigurations = (
				676F6BAA2F196B7700CEBBE4 /* Debug */,
				676F6BAB2F196B7700CEBBE4 /* Release */,
			);
			defaultConfigurationIsVisible = 0;
			defaultConfigurationName = Release;
		};
		676F6BAC2F196B7700CEBBE4 /* Build configuration list for PBXNativeTarget "fotolokashenTests" */ = {
			isa = XCConfigurationList;
			buildConfigurations = (
				676F6BAD2F196B7700CEBBE4 /* Debug */,
				676F6BAE2F196B7700CEBBE4 /* Release */,
			);
			defaultConfigurationIsVisible = 0;
			defaultConfigurationName = Release;
		};
		676F6BAF2F196B7700CEBBE4 /* Build configuration list for PBXNativeTarget "fotolokashenUITests" */ = {
			isa = XCConfigurationList;
			buildConfigurations = (
				676F6BB02F196B7700CEBBE4 /* Debug */,
				676F6BB12F196B7700CEBBE4 /* Release */,
			);
			defaultConfigurationIsVisible = 0;
			defaultConfigurationName = Release;
		};
/* End XCConfigurationList section */

/* Begin XCRemoteSwiftPackageReference section */
		676F6BD92F19744700CEBBE4 /* XCRemoteSwiftPackageReference "KeychainAccess" */ = {
			isa = XCRemoteSwiftPackageReference;
			repositoryURL = "https://github.com/kishikawakatsumi/KeychainAccess.git";
			requirement = {
				kind = upToNextMajorVersion;
				minimumVersion = 4.2.2;
			};
		};
		676F6BDC2F19748D00CEBBE4 /* XCRemoteSwiftPackageReference "ios-maps-sdk" */ = {
			isa = XCRemoteSwiftPackageReference;
			repositoryURL = "https://github.com/googlemaps/ios-maps-sdk";
			requirement = {
				kind = upToNextMajorVersion;
				minimumVersion = 10.7.0;
			};
		};
		676F6BDF2F1974D100CEBBE4 /* XCRemoteSwiftPackageReference "Kingfisher" */ = {
			isa = XCRemoteSwiftPackageReference;
			repositoryURL = "https://github.com/onevcat/Kingfisher.git";
			requirement = {
				kind = upToNextMajorVersion;
				minimumVersion = 8.6.2;
			};
		};
		677061642F1AB10C00E97608 /* XCRemoteSwiftPackageReference "imagekit-ios" */ = {
			isa = XCRemoteSwiftPackageReference;
			repositoryURL = "https://github.com/imagekit-developer/imagekit-ios";
			requirement = {
				kind = upToNextMajorVersion;
				minimumVersion = 3.1.0;
			};
		};
		677061752F1B0BE500E97608 /* XCRemoteSwiftPackageReference "google-maps-ios-utils" */ = {
			isa = XCRemoteSwiftPackageReference;
			repositoryURL = "https://github.com/googlemaps/google-maps-ios-utils";
			requirement = {
				kind = upToNextMajorVersion;
				minimumVersion = 7.0.0;
			};
		};
/* End XCRemoteSwiftPackageReference section */

/* Begin XCSwiftPackageProductDependency section */
		676F6BDA2F19744700CEBBE4 /* KeychainAccess */ = {
			isa = XCSwiftPackageProductDependency;
			package = 676F6BD92F19744700CEBBE4 /* XCRemoteSwiftPackageReference "KeychainAccess" */;
			productName = KeychainAccess;
		};
		676F6BDD2F19748D00CEBBE4 /* GoogleMaps */ = {
			isa = XCSwiftPackageProductDependency;
			package = 676F6BDC2F19748D00CEBBE4 /* XCRemoteSwiftPackageReference "ios-maps-sdk" */;
			productName = GoogleMaps;
		};
		676F6BE02F1974D100CEBBE4 /* Kingfisher */ = {
			isa = XCSwiftPackageProductDependency;
			package = 676F6BDF2F1974D100CEBBE4 /* XCRemoteSwiftPackageReference "Kingfisher" */;
			productName = Kingfisher;
		};
		677061652F1AB10C00E97608 /* ImageKitIO */ = {
			isa = XCSwiftPackageProductDependency;
			package = 677061642F1AB10C00E97608 /* XCRemoteSwiftPackageReference "imagekit-ios" */;
			productName = ImageKitIO;
		};
		677061762F1B0BE500E97608 /* GoogleMapsUtils */ = {
			isa = XCSwiftPackageProductDependency;
			package = 677061752F1B0BE500E97608 /* XCRemoteSwiftPackageReference "google-maps-ios-utils" */;
			productName = GoogleMapsUtils;
		};
/* End XCSwiftPackageProductDependency section */
	};
	rootObject = 676F6B802F196B7600CEBBE4 /* Project object */;
}
